// !$*UTF8*$!
{
	archiveVersion = 1;
	classes = {
	};
	objectVersion = 50;
	objects = {

/* Begin PBXBuildFile section */
		23A238782297D0F50021775B /* AppDelegate.m in Sources */ = {isa = PBXBuildFile; fileRef = 23A238772297D0F50021775B /* AppDelegate.m */; };
		23A2387B2297D0F50021775B /* ViewController.m in Sources */ = {isa = PBXBuildFile; fileRef = 23A2387A2297D0F50021775B /* ViewController.m */; };
		23A2387E2297D0F50021775B /* Main.storyboard in Resources */ = {isa = PBXBuildFile; fileRef = 23A2387C2297D0F50021775B /* Main.storyboard */; };
		23A238802297D0F80021775B /* Assets.xcassets in Resources */ = {isa = PBXBuildFile; fileRef = 23A2387F2297D0F80021775B /* Assets.xcassets */; };
		23A238832297D0F80021775B /* LaunchScreen.storyboard in Resources */ = {isa = PBXBuildFile; fileRef = 23A238812297D0F80021775B /* LaunchScreen.storyboard */; };
		23A238862297D0F80021775B /* main.m in Sources */ = {isa = PBXBuildFile; fileRef = 23A238852297D0F80021775B /* main.m */; };
		23A238902297D0F80021775B /* iOS_______Tests.m in Sources */ = {isa = PBXBuildFile; fileRef = 23A2388F2297D0F80021775B /* iOS_______Tests.m */; };
		23A2389B2297D0F80021775B /* iOS_______UITests.m in Sources */ = {isa = PBXBuildFile; fileRef = 23A2389A2297D0F80021775B /* iOS_______UITests.m */; };
/* End PBXBuildFile section */

/* Begin PBXContainerItemProxy section */
		23A2388C2297D0F80021775B /* PBXContainerItemProxy */ = {
			isa = PBXContainerItemProxy;
			containerPortal = 23A2386B2297D0F50021775B /* Project object */;
			proxyType = 1;
			remoteGlobalIDString = 23A238722297D0F50021775B;
			remoteInfo = "iOS富文本插入图片";
		};
		23A238972297D0F80021775B /* PBXContainerItemProxy */ = {
			isa = PBXContainerItemProxy;
			containerPortal = 23A2386B2297D0F50021775B /* Project object */;
			proxyType = 1;
			remoteGlobalIDString = 23A238722297D0F50021775B;
			remoteInfo = "iOS富文本插入图片";
		};
/* End PBXContainerItemProxy section */

/* Begin PBXFileReference section */
		23A238732297D0F50021775B /* iOS富文本插入图片.app */ = {isa = PBXFileReference; explicitFileType = wrapper.application; includeInIndex = 0; path = "iOS富文本插入图片.app"; sourceTree = BUILT_PRODUCTS_DIR; };
		23A238762297D0F50021775B /* AppDelegate.h */ = {isa = PBXFileReference; lastKnownFileType = sourcecode.c.h; path = AppDelegate.h; sourceTree = "<group>"; };
		23A238772297D0F50021775B /* AppDelegate.m */ = {isa = PBXFileReference; lastKnownFileType = sourcecode.c.objc; path = AppDelegate.m; sourceTree = "<group>"; };
		23A238792297D0F50021775B /* ViewController.h */ = {isa = PBXFileReference; lastKnownFileType = sourcecode.c.h; path = ViewController.h; sourceTree = "<group>"; };
		23A2387A2297D0F50021775B /* ViewController.m */ = {isa = PBXFileReference; lastKnownFileType = sourcecode.c.objc; path = ViewController.m; sourceTree = "<group>"; };
		23A2387D2297D0F50021775B /* Base */ = {isa = PBXFileReference; lastKnownFileType = file.storyboard; name = Base; path = Base.lproj/Main.storyboard; sourceTree = "<group>"; };
		23A2387F2297D0F80021775B /* Assets.xcassets */ = {isa = PBXFileReference; lastKnownFileType = folder.assetcatalog; path = Assets.xcassets; sourceTree = "<group>"; };
		23A238822297D0F80021775B /* Base */ = {isa = PBXFileReference; lastKnownFileType = file.storyboard; name = Base; path = Base.lproj/LaunchScreen.storyboard; sourceTree = "<group>"; };
		23A238842297D0F80021775B /* Info.plist */ = {isa = PBXFileReference; lastKnownFileType = text.plist.xml; path = Info.plist; sourceTree = "<group>"; };
		23A238852297D0F80021775B /* main.m */ = {isa = PBXFileReference; lastKnownFileType = sourcecode.c.objc; path = main.m; sourceTree = "<group>"; };
		23A2388B2297D0F80021775B /* iOS富文本插入图片Tests.xctest */ = {isa = PBXFileReference; explicitFileType = wrapper.cfbundle; includeInIndex = 0; path = "iOS富文本插入图片Tests.xctest"; sourceTree = BUILT_PRODUCTS_DIR; };
		23A2388F2297D0F80021775B /* iOS_______Tests.m */ = {isa = PBXFileReference; lastKnownFileType = sourcecode.c.objc; path = "iOS_______Tests.m"; sourceTree = "<group>"; };
		23A238912297D0F80021775B /* Info.plist */ = {isa = PBXFileReference; lastKnownFileType = text.plist.xml; path = Info.plist; sourceTree = "<group>"; };
		23A238962297D0F80021775B /* iOS富文本插入图片UITests.xctest */ = {isa = PBXFileReference; explicitFileType = wrapper.cfbundle; includeInIndex = 0; path = "iOS富文本插入图片UITests.xctest"; sourceTree = BUILT_PRODUCTS_DIR; };
		23A2389A2297D0F80021775B /* iOS_______UITests.m */ = {isa = PBXFileReference; lastKnownFileType = sourcecode.c.objc; path = "iOS_______UITests.m"; sourceTree = "<group>"; };
		23A2389C2297D0F80021775B /* Info.plist */ = {isa = PBXFileReference; lastKnownFileType = text.plist.xml; path = Info.plist; sourceTree = "<group>"; };
/* End PBXFileReference section */

/* Begin PBXFrameworksBuildPhase section */
		23A238702297D0F50021775B /* Frameworks */ = {
			isa = PBXFrameworksBuildPhase;
			buildActionMask = 2147483647;
			files = (
			);
			runOnlyForDeploymentPostprocessing = 0;
		};
		23A238882297D0F80021775B /* Frameworks */ = {
			isa = PBXFrameworksBuildPhase;
			buildActionMask = 2147483647;
			files = (
			);
			runOnlyForDeploymentPostprocessing = 0;
		};
		23A238932297D0F80021775B /* Frameworks */ = {
			isa = PBXFrameworksBuildPhase;
			buildActionMask = 2147483647;
			files = (
			);
			runOnlyForDeploymentPostprocessing = 0;
		};
/* End PBXFrameworksBuildPhase section */

/* Begin PBXGroup section */
		23A2386A2297D0F50021775B = {
			isa = PBXGroup;
			children = (
				23A238752297D0F50021775B /* iOS富文本插入图片 */,
				23A2388E2297D0F80021775B /* iOS富文本插入图片Tests */,
				23A238992297D0F80021775B /* iOS富文本插入图片UITests */,
				23A238742297D0F50021775B /* Products */,
			);
			sourceTree = "<group>";
		};
		23A238742297D0F50021775B /* Products */ = {
			isa = PBXGroup;
			children = (
				23A238732297D0F50021775B /* iOS富文本插入图片.app */,
				23A2388B2297D0F80021775B /* iOS富文本插入图片Tests.xctest */,
				23A238962297D0F80021775B /* iOS富文本插入图片UITests.xctest */,
			);
			name = Products;
			sourceTree = "<group>";
		};
		23A238752297D0F50021775B /* iOS富文本插入图片 */ = {
			isa = PBXGroup;
			children = (
				23A238762297D0F50021775B /* AppDelegate.h */,
				23A238772297D0F50021775B /* AppDelegate.m */,
				23A238792297D0F50021775B /* ViewController.h */,
				23A2387A2297D0F50021775B /* ViewController.m */,
				23A2387C2297D0F50021775B /* Main.storyboard */,
				23A2387F2297D0F80021775B /* Assets.xcassets */,
				23A238812297D0F80021775B /* LaunchScreen.storyboard */,
				23A238842297D0F80021775B /* Info.plist */,
				23A238852297D0F80021775B /* main.m */,
			);
			path = "iOS富文本插入图片";
			sourceTree = "<group>";
		};
		23A2388E2297D0F80021775B /* iOS富文本插入图片Tests */ = {
			isa = PBXGroup;
			children = (
				23A2388F2297D0F80021775B /* iOS_______Tests.m */,
				23A238912297D0F80021775B /* Info.plist */,
			);
			path = "iOS富文本插入图片Tests";
			sourceTree = "<group>";
		};
		23A238992297D0F80021775B /* iOS富文本插入图片UITests */ = {
			isa = PBXGroup;
			children = (
				23A2389A2297D0F80021775B /* iOS_______UITests.m */,
				23A2389C2297D0F80021775B /* Info.plist */,
			);
			path = "iOS富文本插入图片UITests";
			sourceTree = "<group>";
		};
/* End PBXGroup section */

/* Begin PBXNativeTarget section */
		23A238722297D0F50021775B /* iOS富文本插入图片 */ = {
			isa = PBXNativeTarget;
			buildConfigurationList = 23A2389F2297D0F80021775B /* Build configuration list for PBXNativeTarget "iOS富文本插入图片" */;
			buildPhases = (
				23A2386F2297D0F50021775B /* Sources */,
				23A238702297D0F50021775B /* Frameworks */,
				23A238712297D0F50021775B /* Resources */,
			);
			buildRules = (
			);
			dependencies = (
			);
			name = "iOS富文本插入图片";
			productName = "iOS富文本插入图片";
			productReference = 23A238732297D0F50021775B /* iOS富文本插入图片.app */;
			productType = "com.apple.product-type.application";
		};
		23A2388A2297D0F80021775B /* iOS富文本插入图片Tests */ = {
			isa = PBXNativeTarget;
			buildConfigurationList = 23A238A22297D0F80021775B /* Build configuration list for PBXNativeTarget "iOS富文本插入图片Tests" */;
			buildPhases = (
				23A238872297D0F80021775B /* Sources */,
				23A238882297D0F80021775B /* Frameworks */,
				23A238892297D0F80021775B /* Resources */,
			);
			buildRules = (
			);
			dependencies = (
				23A2388D2297D0F80021775B /* PBXTargetDependency */,
			);
			name = "iOS富文本插入图片Tests";
			productName = "iOS富文本插入图片Tests";
			productReference = 23A2388B2297D0F80021775B /* iOS富文本插入图片Tests.xctest */;
			productType = "com.apple.product-type.bundle.unit-test";
		};
		23A238952297D0F80021775B /* iOS富文本插入图片UITests */ = {
			isa = PBXNativeTarget;
			buildConfigurationList = 23A238A52297D0F80021775B /* Build configuration list for PBXNativeTarget "iOS富文本插入图片UITests" */;
			buildPhases = (
				23A238922297D0F80021775B /* Sources */,
				23A238932297D0F80021775B /* Frameworks */,
				23A238942297D0F80021775B /* Resources */,
			);
			buildRules = (
			);
			dependencies = (
				23A238982297D0F80021775B /* PBXTargetDependency */,
			);
			name = "iOS富文本插入图片UITests";
			productName = "iOS富文本插入图片UITests";
			productReference = 23A238962297D0F80021775B /* iOS富文本插入图片UITests.xctest */;
			productType = "com.apple.product-type.bundle.ui-testing";
		};
/* End PBXNativeTarget section */

/* Begin PBXProject section */
		23A2386B2297D0F50021775B /* Project object */ = {
			isa = PBXProject;
			attributes = {
				LastUpgradeCheck = 1020;
				ORGANIZATIONNAME = kyle;
				TargetAttributes = {
					23A238722297D0F50021775B = {
						CreatedOnToolsVersion = 10.2.1;
					};
					23A2388A2297D0F80021775B = {
						CreatedOnToolsVersion = 10.2.1;
						TestTargetID = 23A238722297D0F50021775B;
					};
					23A238952297D0F80021775B = {
						CreatedOnToolsVersion = 10.2.1;
						TestTargetID = 23A238722297D0F50021775B;
					};
				};
			};
			buildConfigurationList = 23A2386E2297D0F50021775B /* Build configuration list for PBXProject "iOS富文本插入图片" */;
			compatibilityVersion = "Xcode 9.3";
			developmentRegion = en;
			hasScannedForEncodings = 0;
			knownRegions = (
				en,
				Base,
			);
			mainGroup = 23A2386A2297D0F50021775B;
			productRefGroup = 23A238742297D0F50021775B /* Products */;
			projectDirPath = "";
			projectRoot = "";
			targets = (
				23A238722297D0F50021775B /* iOS富文本插入图片 */,
				23A2388A2297D0F80021775B /* iOS富文本插入图片Tests */,
				23A238952297D0F80021775B /* iOS富文本插入图片UITests */,
			);
		};
/* End PBXProject section */

/* Begin PBXResourcesBuildPhase section */
		23A238712297D0F50021775B /* Resources */ = {
			isa = PBXResourcesBuildPhase;
			buildActionMask = 2147483647;
			files = (
				23A238832297D0F80021775B /* LaunchScreen.storyboard in Resources */,
				23A238802297D0F80021775B /* Assets.xcassets in Resources */,
				23A2387E2297D0F50021775B /* Main.storyboard in Resources */,
			);
			runOnlyForDeploymentPostprocessing = 0;
		};
		23A238892297D0F80021775B /* Resources */ = {
			isa = PBXResourcesBuildPhase;
			buildActionMask = 2147483647;
			files = (
			);
			runOnlyForDeploymentPostprocessing = 0;
		};
		23A238942297D0F80021775B /* Resources */ = {
			isa = PBXResourcesBuildPhase;
			buildActionMask = 2147483647;
			files = (
			);
			runOnlyForDeploymentPostprocessing = 0;
		};
/* End PBXResourcesBuildPhase section */

/* Begin PBXSourcesBuildPhase section */
		23A2386F2297D0F50021775B /* Sources */ = {
			isa = PBXSourcesBuildPhase;
			buildActionMask = 2147483647;
			files = (
				23A2387B2297D0F50021775B /* ViewController.m in Sources */,
				23A238862297D0F80021775B /* main.m in Sources */,
				23A238782297D0F50021775B /* AppDelegate.m in Sources */,
			);
			runOnlyForDeploymentPostprocessing = 0;
		};
		23A238872297D0F80021775B /* Sources */ = {
			isa = PBXSourcesBuildPhase;
			buildActionMask = 2147483647;
			files = (
				23A238902297D0F80021775B /* iOS_______Tests.m in Sources */,
			);
			runOnlyForDeploymentPostprocessing = 0;
		};
		23A238922297D0F80021775B /* Sources */ = {
			isa = PBXSourcesBuildPhase;
			buildActionMask = 2147483647;
			files = (
				23A2389B2297D0F80021775B /* iOS_______UITests.m in Sources */,
			);
			runOnlyForDeploymentPostprocessing = 0;
		};
/* End PBXSourcesBuildPhase section */

/* Begin PBXTargetDependency section */
		23A2388D2297D0F80021775B /* PBXTargetDependency */ = {
			isa = PBXTargetDependency;
			target = 23A238722297D0F50021775B /* iOS富文本插入图片 */;
			targetProxy = 23A2388C2297D0F80021775B /* PBXContainerItemProxy */;
		};
		23A238982297D0F80021775B /* PBXTargetDependency */ = {
			isa = PBXTargetDependency;
			target = 23A238722297D0F50021775B /* iOS富文本插入图片 */;
			targetProxy = 23A238972297D0F80021775B /* PBXContainerItemProxy */;
		};
/* End PBXTargetDependency section */

/* Begin PBXVariantGroup section */
		23A2387C2297D0F50021775B /* Main.storyboard */ = {
			isa = PBXVariantGroup;
			children = (
				23A2387D2297D0F50021775B /* Base */,
			);
			name = Main.storyboard;
			sourceTree = "<group>";
		};
		23A238812297D0F80021775B /* LaunchScreen.storyboard */ = {
			isa = PBXVariantGroup;
			children = (
				23A238822297D0F80021775B /* Base */,
			);
			name = LaunchScreen.storyboard;
			sourceTree = "<group>";
		};
/* End PBXVariantGroup section */

/* Begin XCBuildConfiguration section */
		23A2389D2297D0F80021775B /* Debug */ = {
			isa = XCBuildConfiguration;
			buildSettings = {
				ALWAYS_SEARCH_USER_PATHS = NO;
				CLANG_ANALYZER_NONNULL = YES;
				CLANG_ANALYZER_NUMBER_OBJECT_CONVERSION = YES_AGGRESSIVE;
				CLANG_CXX_LANGUAGE_STANDARD = "gnu++14";
				CLANG_CXX_LIBRARY = "libc++";
				CLANG_ENABLE_MODULES = YES;
				CLANG_ENABLE_OBJC_ARC = YES;
				CLANG_ENABLE_OBJC_WEAK = YES;
				CLANG_WARN_BLOCK_CAPTURE_AUTORELEASING = YES;
				CLANG_WARN_BOOL_CONVERSION = YES;
				CLANG_WARN_COMMA = YES;
				CLANG_WARN_CONSTANT_CONVERSION = YES;
				CLANG_WARN_DEPRECATED_OBJC_IMPLEMENTATIONS = YES;
				CLANG_WARN_DIRECT_OBJC_ISA_USAGE = YES_ERROR;
				CLANG_WARN_DOCUMENTATION_COMMENTS = YES;
				CLANG_WARN_EMPTY_BODY = YES;
				CLANG_WARN_ENUM_CONVERSION = YES;
				CLANG_WARN_INFINITE_RECURSION = YES;
				CLANG_WARN_INT_CONVERSION = YES;
				CLANG_WARN_NON_LITERAL_NULL_CONVERSION = YES;
				CLANG_WARN_OBJC_IMPLICIT_RETAIN_SELF = YES;
				CLANG_WARN_OBJC_LITERAL_CONVERSION = YES;
				CLANG_WARN_OBJC_ROOT_CLASS = YES_ERROR;
				CLANG_WARN_RANGE_LOOP_ANALYSIS = YES;
				CLANG_WARN_STRICT_PROTOTYPES = YES;
				CLANG_WARN_SUSPICIOUS_MOVE = YES;
				CLANG_WARN_UNGUARDED_AVAILABILITY = YES_AGGRESSIVE;
				CLANG_WARN_UNREACHABLE_CODE = YES;
				CLANG_WARN__DUPLICATE_METHOD_MATCH = YES;
				CODE_SIGN_IDENTITY = "iPhone Developer";
				COPY_PHASE_STRIP = NO;
				DEBUG_INFORMATION_FORMAT = dwarf;
				ENABLE_STRICT_OBJC_MSGSEND = YES;
				ENABLE_TESTABILITY = YES;
				GCC_C_LANGUAGE_STANDARD = gnu11;
				GCC_DYNAMIC_NO_PIC = NO;
				GCC_NO_COMMON_BLOCKS = YES;
				GCC_OPTIMIZATION_LEVEL = 0;
				GCC_PREPROCESSOR_DEFINITIONS = (
					"DEBUG=1",
					"$(inherited)",
				);
				GCC_WARN_64_TO_32_BIT_CONVERSION = YES;
				GCC_WARN_ABOUT_RETURN_TYPE = YES_ERROR;
				GCC_WARN_UNDECLARED_SELECTOR = YES;
				GCC_WARN_UNINITIALIZED_AUTOS = YES_AGGRESSIVE;
				GCC_WARN_UNUSED_FUNCTION = YES;
				GCC_WARN_UNUSED_VARIABLE = YES;
				IPHONEOS_DEPLOYMENT_TARGET = 12.2;
				MTL_ENABLE_DEBUG_INFO = INCLUDE_SOURCE;
				MTL_FAST_MATH = YES;
				ONLY_ACTIVE_ARCH = YES;
				SDKROOT = iphoneos;
			};
			name = Debug;
		};
		23A2389E2297D0F80021775B /* Release */ = {
			isa = XCBuildConfiguration;
			buildSettings = {
				ALWAYS_SEARCH_USER_PATHS = NO;
				CLANG_ANALYZER_NONNULL = YES;
				CLANG_ANALYZER_NUMBER_OBJECT_CONVERSION = YES_AGGRESSIVE;
				CLANG_CXX_LANGUAGE_STANDARD = "gnu++14";
				CLANG_CXX_LIBRARY = "libc++";
				CLANG_ENABLE_MODULES = YES;
				CLANG_ENABLE_OBJC_ARC = YES;
				CLANG_ENABLE_OBJC_WEAK = YES;
				CLANG_WARN_BLOCK_CAPTURE_AUTORELEASING = YES;
				CLANG_WARN_BOOL_CONVERSION = YES;
				CLANG_WARN_COMMA = YES;
				CLANG_WARN_CONSTANT_CONVERSION = YES;
				CLANG_WARN_DEPRECATED_OBJC_IMPLEMENTATIONS = YES;
				CLANG_WARN_DIRECT_OBJC_ISA_USAGE = YES_ERROR;
				CLANG_WARN_DOCUMENTATION_COMMENTS = YES;
				CLANG_WARN_EMPTY_BODY = YES;
				CLANG_WARN_ENUM_CONVERSION = YES;
				CLANG_WARN_INFINITE_RECURSION = YES;
				CLANG_WARN_INT_CONVERSION = YES;
				CLANG_WARN_NON_LITERAL_NULL_CONVERSION = YES;
				CLANG_WARN_OBJC_IMPLICIT_RETAIN_SELF = YES;
				CLANG_WARN_OBJC_LITERAL_CONVERSION = YES;
				CLANG_WARN_OBJC_ROOT_CLASS = YES_ERROR;
				CLANG_WARN_RANGE_LOOP_ANALYSIS = YES;
				CLANG_WARN_STRICT_PROTOTYPES = YES;
				CLANG_WARN_SUSPICIOUS_MOVE = YES;
				CLANG_WARN_UNGUARDED_AVAILABILITY = YES_AGGRESSIVE;
				CLANG_WARN_UNREACHABLE_CODE = YES;
				CLANG_WARN__DUPLICATE_METHOD_MATCH = YES;
				CODE_SIGN_IDENTITY = "iPhone Developer";
				COPY_PHASE_STRIP = NO;
				DEBUG_INFORMATION_FORMAT = "dwarf-with-dsym";
				ENABLE_NS_ASSERTIONS = NO;
				ENABLE_STRICT_OBJC_MSGSEND = YES;
				GCC_C_LANGUAGE_STANDARD = gnu11;
				GCC_NO_COMMON_BLOCKS = YES;
				GCC_WARN_64_TO_32_BIT_CONVERSION = YES;
				GCC_WARN_ABOUT_RETURN_TYPE = YES_ERROR;
				GCC_WARN_UNDECLARED_SELECTOR = YES;
				GCC_WARN_UNINITIALIZED_AUTOS = YES_AGGRESSIVE;
				GCC_WARN_UNUSED_FUNCTION = YES;
				GCC_WARN_UNUSED_VARIABLE = YES;
				IPHONEOS_DEPLOYMENT_TARGET = 12.2;
				MTL_ENABLE_DEBUG_INFO = NO;
				MTL_FAST_MATH = YES;
				SDKROOT = iphoneos;
				VALIDATE_PRODUCT = YES;
			};
			name = Release;
		};
		23A238A02297D0F80021775B /* Debug */ = {
			isa = XCBuildConfiguration;
			buildSettings = {
				ASSETCATALOG_COMPILER_APPICON_NAME = AppIcon;
				CODE_SIGN_STYLE = Automatic;
				DEVELOPMENT_TEAM = ZUFNXAQBQM;
				INFOPLIST_FILE = "iOS富文本插入图片/Info.plist";
				LD_RUNPATH_SEARCH_PATHS = (
					"$(inherited)",
					"@executable_path/Frameworks",
				);
				PRODUCT_BUNDLE_IDENTIFIER = "com.yx.iOS-------";
				PRODUCT_NAME = "$(TARGET_NAME)";
				TARGETED_DEVICE_FAMILY = "1,2";
			};
			name = Debug;
		};
		23A238A12297D0F80021775B /* Release */ = {
			isa = XCBuildConfiguration;
			buildSettings = {
				ASSETCATALOG_COMPILER_APPICON_NAME = AppIcon;
				CODE_SIGN_STYLE = Automatic;
				DEVELOPMENT_TEAM = ZUFNXAQBQM;
				INFOPLIST_FILE = "iOS富文本插入图片/Info.plist";
				LD_RUNPATH_SEARCH_PATHS = (
					"$(inherited)",
					"@executable_path/Frameworks",
				);
				PRODUCT_BUNDLE_IDENTIFIER = "com.yx.iOS-------";
				PRODUCT_NAME = "$(TARGET_NAME)";
				TARGETED_DEVICE_FAMILY = "1,2";
			};
			name = Release;
		};
		23A238A32297D0F80021775B /* Debug */ = {
			isa = XCBuildConfiguration;
			buildSettings = {
				BUNDLE_LOADER = "$(TEST_HOST)";
				CODE_SIGN_STYLE = Automatic;
				DEVELOPMENT_TEAM = ZUFNXAQBQM;
				INFOPLIST_FILE = "iOS富文本插入图片Tests/Info.plist";
				LD_RUNPATH_SEARCH_PATHS = (
					"$(inherited)",
					"@executable_path/Frameworks",
					"@loader_path/Frameworks",
				);
				PRODUCT_BUNDLE_IDENTIFIER = "com.yx.iOS-------Tests";
				PRODUCT_NAME = "$(TARGET_NAME)";
				TARGETED_DEVICE_FAMILY = "1,2";
				TEST_HOST = "$(BUILT_PRODUCTS_DIR)/iOS富文本插入图片.app/iOS富文本插入图片";
			};
			name = Debug;
		};
		23A238A42297D0F80021775B /* Release */ = {
			isa = XCBuildConfiguration;
			buildSettings = {
				BUNDLE_LOADER = "$(TEST_HOST)";
				CODE_SIGN_STYLE = Automatic;
				DEVELOPMENT_TEAM = ZUFNXAQBQM;
				INFOPLIST_FILE = "iOS富文本插入图片Tests/Info.plist";
				LD_RUNPATH_SEARCH_PATHS = (
					"$(inherited)",
					"@executable_path/Frameworks",
					"@loader_path/Frameworks",
				);
				PRODUCT_BUNDLE_IDENTIFIER = "com.yx.iOS-------Tests";
				PRODUCT_NAME = "$(TARGET_NAME)";
				TARGETED_DEVICE_FAMILY = "1,2";
				TEST_HOST = "$(BUILT_PRODUCTS_DIR)/iOS富文本插入图片.app/iOS富文本插入图片";
			};
			name = Release;
		};
		23A238A62297D0F80021775B /* Debug */ = {
			isa = XCBuildConfiguration;
			buildSettings = {
				CODE_SIGN_STYLE = Automatic;
				DEVELOPMENT_TEAM = ZUFNXAQBQM;
				INFOPLIST_FILE = "iOS富文本插入图片UITests/Info.plist";
				LD_RUNPATH_SEARCH_PATHS = (
					"$(inherited)",
					"@executable_path/Frameworks",
					"@loader_path/Frameworks",
				);
				PRODUCT_BUNDLE_IDENTIFIER = "com.yx.iOS-------UITests";
				PRODUCT_NAME = "$(TARGET_NAME)";
				TARGETED_DEVICE_FAMILY = "1,2";
				TEST_TARGET_NAME = "iOS富文本插入图片";
			};
			name = Debug;
		};
		23A238A72297D0F80021775B /* Release */ = {
			isa = XCBuildConfiguration;
			buildSettings = {
				CODE_SIGN_STYLE = Automatic;
				DEVELOPMENT_TEAM = ZUFNXAQBQM;
				INFOPLIST_FILE = "iOS富文本插入图片UITests/Info.plist";
				LD_RUNPATH_SEARCH_PATHS = (
					"$(inherited)",
					"@executable_path/Frameworks",
					"@loader_path/Frameworks",
				);
				PRODUCT_BUNDLE_IDENTIFIER = "com.yx.iOS-------UITests";
				PRODUCT_NAME = "$(TARGET_NAME)";
				TARGETED_DEVICE_FAMILY = "1,2";
				TEST_TARGET_NAME = "iOS富文本插入图片";
			};
			name = Release;
		};
/* End XCBuildConfiguration section */

/* Begin XCConfigurationList section */
		23A2386E2297D0F50021775B /* Build configuration list for PBXProject "iOS富文本插入图片" */ = {
			isa = XCConfigurationList;
			buildConfigurations = (
				23A2389D2297D0F80021775B /* Debug */,
				23A2389E2297D0F80021775B /* Release */,
			);
			defaultConfigurationIsVisible = 0;
			defaultConfigurationName = Release;
		};
		23A2389F2297D0F80021775B /* Build configuration list for PBXNativeTarget "iOS富文本插入图片" */ = {
			isa = XCConfigurationList;
			buildConfigurations = (
				23A238A02297D0F80021775B /* Debug */,
				23A238A12297D0F80021775B /* Release */,
			);
			defaultConfigurationIsVisible = 0;
			defaultConfigurationName = Release;
		};
		23A238A22297D0F80021775B /* Build configuration list for PBXNativeTarget "iOS富文本插入图片Tests" */ = {
			isa = XCConfigurationList;
			buildConfigurations = (
				23A238A32297D0F80021775B /* Debug */,
				23A238A42297D0F80021775B /* Release */,
			);
			defaultConfigurationIsVisible = 0;
			defaultConfigurationName = Release;
		};
		23A238A52297D0F80021775B /* Build configuration list for PBXNativeTarget "iOS富文本插入图片UITests" */ = {
			isa = XCConfigurationList;
			buildConfigurations = (
				23A238A62297D0F80021775B /* Debug */,
				23A238A72297D0F80021775B /* Release */,
			);
			defaultConfigurationIsVisible = 0;
			defaultConfigurationName = Release;
		};
/* End XCConfigurationList section */
	};
	rootObject = 23A2386B2297D0F50021775B /* Project object */;
}
